
Microsoft Visual Studio Solution File, Format Version 12.00
# Visual Studio Version 17
VisualStudioVersion = 17.6.33829.357
MinimumVisualStudioVersion = 10.0.40219.1
Project("{FAE04EC0-301F-11D3-BF4B-00C04F79EFBC}") = "Fase Final", "Fase Final\Fase Final.csproj", "{A2775A5E-A18F-4DD2-8670-CD8165BFE04C}"
EndProject
Global
	GlobalSection(SolutionConfigurationPlatforms) = preSolution
		Debug|Any CPU = Debug|Any CPU
		Release|Any CPU = Release|Any CPU
	EndGlobalSection
	GlobalSection(ProjectConfigurationPlatforms) = postSolution
		{A2775A5E-A18F-4DD2-8670-CD8165BFE04C}.Debug|Any CPU.ActiveCfg = Debug|Any CPU
		{A2775A5E-A18F-4DD2-8670-CD8165BFE04C}.Debug|Any CPU.Build.0 = Debug|Any CPU
		{A2775A5E-A18F-4DD2-8670-CD8165BFE04C}.Release|Any CPU.ActiveCfg = Release|Any CPU
		{A2775A5E-A18F-4DD2-8670-CD8165BFE04C}.Release|Any CPU.Build.0 = Release|Any CPU
	EndGlobalSection
	GlobalSection(SolutionProperties) = preSolution
		HideSolutionNode = FALSE
	EndGlobalSection
	GlobalSection(ExtensibilityGlobals) = postSolution
		SolutionGuid = {D2A31E5D-FAFB-4988-9F2E-78920D79E7AF}
	EndGlobalSection
EndGlobal
